// !$*UTF8*$!
{
	archiveVersion = 1;
	classes = {
	};
	objectVersion = 55;
	objects = {

/* Begin PBXBuildFile section */
		9D103730274E4F75001DCA80 /* AppDelegate.swift in Sources */ = {isa = PBXBuildFile; fileRef = 9D10372F274E4F75001DCA80 /* AppDelegate.swift */; };
		9D103732274E4F75001DCA80 /* SceneDelegate.swift in Sources */ = {isa = PBXBuildFile; fileRef = 9D103731274E4F75001DCA80 /* SceneDelegate.swift */; };
		9D103734274E4F75001DCA80 /* ViewController.swift in Sources */ = {isa = PBXBuildFile; fileRef = 9D103733274E4F75001DCA80 /* ViewController.swift */; };
		9D103737274E4F75001DCA80 /* Main.storyboard in Resources */ = {isa = PBXBuildFile; fileRef = 9D103735274E4F75001DCA80 /* Main.storyboard */; };
		9D103739274E4F76001DCA80 /* Assets.xcassets in Resources */ = {isa = PBXBuildFile; fileRef = 9D103738274E4F76001DCA80 /* Assets.xcassets */; };
		9D10373C274E4F76001DCA80 /* LaunchScreen.storyboard in Resources */ = {isa = PBXBuildFile; fileRef = 9D10373A274E4F76001DCA80 /* LaunchScreen.storyboard */; };
		9D103747274E4F76001DCA80 /* H_W_AnimationsTests.swift in Sources */ = {isa = PBXBuildFile; fileRef = 9D103746274E4F76001DCA80 /* H_W_AnimationsTests.swift */; };
		9D103751274E4F76001DCA80 /* H_W_AnimationsUITests.swift in Sources */ = {isa = PBXBuildFile; fileRef = 9D103750274E4F76001DCA80 /* H_W_AnimationsUITests.swift */; };
		9D103753274E4F76001DCA80 /* H_W_AnimationsUITestsLaunchTests.swift in Sources */ = {isa = PBXBuildFile; fileRef = 9D103752274E4F76001DCA80 /* H_W_AnimationsUITestsLaunchTests.swift */; };
/* End PBXBuildFile section */

/* Begin PBXContainerItemProxy section */
		9D103743274E4F76001DCA80 /* PBXContainerItemProxy */ = {
			isa = PBXContainerItemProxy;
			containerPortal = 9D103724274E4F75001DCA80 /* Project object */;
			proxyType = 1;
			remoteGlobalIDString = 9D10372B274E4F75001DCA80;
			remoteInfo = "H.W Animations";
		};
		9D10374D274E4F76001DCA80 /* PBXContainerItemProxy */ = {
			isa = PBXContainerItemProxy;
			containerPortal = 9D103724274E4F75001DCA80 /* Project object */;
			proxyType = 1;
			remoteGlobalIDString = 9D10372B274E4F75001DCA80;
			remoteInfo = "H.W Animations";
		};
/* End PBXContainerItemProxy section */

/* Begin PBXFileReference section */
		9D10372C274E4F75001DCA80 /* H.W Animations.app */ = {isa = PBXFileReference; explicitFileType = wrapper.application; includeInIndex = 0; path = "H.W Animations.app"; sourceTree = BUILT_PRODUCTS_DIR; };
		9D10372F274E4F75001DCA80 /* AppDelegate.swift */ = {isa = PBXFileReference; lastKnownFileType = sourcecode.swift; path = AppDelegate.swift; sourceTree = "<group>"; };
		9D103731274E4F75001DCA80 /* SceneDelegate.swift */ = {isa = PBXFileReference; lastKnownFileType = sourcecode.swift; path = SceneDelegate.swift; sourceTree = "<group>"; };
		9D103733274E4F75001DCA80 /* ViewController.swift */ = {isa = PBXFileReference; lastKnownFileType = sourcecode.swift; path = ViewController.swift; sourceTree = "<group>"; };
		9D103736274E4F75001DCA80 /* Base */ = {isa = PBXFileReference; lastKnownFileType = file.storyboard; name = Base; path = Base.lproj/Main.storyboard; sourceTree = "<group>"; };
		9D103738274E4F76001DCA80 /* Assets.xcassets */ = {isa = PBXFileReference; lastKnownFileType = folder.assetcatalog; path = Assets.xcassets; sourceTree = "<group>"; };
		9D10373B274E4F76001DCA80 /* Base */ = {isa = PBXFileReference; lastKnownFileType = file.storyboard; name = Base; path = Base.lproj/LaunchScreen.storyboard; sourceTree = "<group>"; };
		9D10373D274E4F76001DCA80 /* Info.plist */ = {isa = PBXFileReference; lastKnownFileType = text.plist.xml; path = Info.plist; sourceTree = "<group>"; };
		9D103742274E4F76001DCA80 /* H.W AnimationsTests.xctest */ = {isa = PBXFileReference; explicitFileType = wrapper.cfbundle; includeInIndex = 0; path = "H.W AnimationsTests.xctest"; sourceTree = BUILT_PRODUCTS_DIR; };
		9D103746274E4F76001DCA80 /* H_W_AnimationsTests.swift */ = {isa = PBXFileReference; lastKnownFileType = sourcecode.swift; path = H_W_AnimationsTests.swift; sourceTree = "<group>"; };
		9D10374C274E4F76001DCA80 /* H.W AnimationsUITests.xctest */ = {isa = PBXFileReference; explicitFileType = wrapper.cfbundle; includeInIndex = 0; path = "H.W AnimationsUITests.xctest"; sourceTree = BUILT_PRODUCTS_DIR; };
		9D103750274E4F76001DCA80 /* H_W_AnimationsUITests.swift */ = {isa = PBXFileReference; lastKnownFileType = sourcecode.swift; path = H_W_AnimationsUITests.swift; sourceTree = "<group>"; };
		9D103752274E4F76001DCA80 /* H_W_AnimationsUITestsLaunchTests.swift */ = {isa = PBXFileReference; lastKnownFileType = sourcecode.swift; path = H_W_AnimationsUITestsLaunchTests.swift; sourceTree = "<group>"; };
/* End PBXFileReference section */

/* Begin PBXFrameworksBuildPhase section */
		9D103729274E4F75001DCA80 /* Frameworks */ = {
			isa = PBXFrameworksBuildPhase;
			buildActionMask = 2147483647;
			files = (
			);
			runOnlyForDeploymentPostprocessing = 0;
		};
		9D10373F274E4F76001DCA80 /* Frameworks */ = {
			isa = PBXFrameworksBuildPhase;
			buildActionMask = 2147483647;
			files = (
			);
			runOnlyForDeploymentPostprocessing = 0;
		};
		9D103749274E4F76001DCA80 /* Frameworks */ = {
			isa = PBXFrameworksBuildPhase;
			buildActionMask = 2147483647;
			files = (
			);
			runOnlyForDeploymentPostprocessing = 0;
		};
/* End PBXFrameworksBuildPhase section */

/* Begin PBXGroup section */
		9D103723274E4F75001DCA80 = {
			isa = PBXGroup;
			children = (
				9D10372E274E4F75001DCA80 /* H.W Animations */,
				9D103745274E4F76001DCA80 /* H.W AnimationsTests */,
				9D10374F274E4F76001DCA80 /* H.W AnimationsUITests */,
				9D10372D274E4F75001DCA80 /* Products */,
			);
			sourceTree = "<group>";
		};
		9D10372D274E4F75001DCA80 /* Products */ = {
			isa = PBXGroup;
			children = (
				9D10372C274E4F75001DCA80 /* H.W Animations.app */,
				9D103742274E4F76001DCA80 /* H.W AnimationsTests.xctest */,
				9D10374C274E4F76001DCA80 /* H.W AnimationsUITests.xctest */,
			);
			name = Products;
			sourceTree = "<group>";
		};
		9D10372E274E4F75001DCA80 /* H.W Animations */ = {
			isa = PBXGroup;
			children = (
				9D10372F274E4F75001DCA80 /* AppDelegate.swift */,
				9D103731274E4F75001DCA80 /* SceneDelegate.swift */,
				9D103733274E4F75001DCA80 /* ViewController.swift */,
				9D103735274E4F75001DCA80 /* Main.storyboard */,
				9D103738274E4F76001DCA80 /* Assets.xcassets */,
				9D10373A274E4F76001DCA80 /* LaunchScreen.storyboard */,
				9D10373D274E4F76001DCA80 /* Info.plist */,
			);
			path = "H.W Animations";
			sourceTree = "<group>";
		};
		9D103745274E4F76001DCA80 /* H.W AnimationsTests */ = {
			isa = PBXGroup;
			children = (
				9D103746274E4F76001DCA80 /* H_W_AnimationsTests.swift */,
			);
			path = "H.W AnimationsTests";
			sourceTree = "<group>";
		};
		9D10374F274E4F76001DCA80 /* H.W AnimationsUITests */ = {
			isa = PBXGroup;
			children = (
				9D103750274E4F76001DCA80 /* H_W_AnimationsUITests.swift */,
				9D103752274E4F76001DCA80 /* H_W_AnimationsUITestsLaunchTests.swift */,
			);
			path = "H.W AnimationsUITests";
			sourceTree = "<group>";
		};
/* End PBXGroup section */

/* Begin PBXNativeTarget section */
		9D10372B274E4F75001DCA80 /* H.W Animations */ = {
			isa = PBXNativeTarget;
			buildConfigurationList = 9D103756274E4F76001DCA80 /* Build configuration list for PBXNativeTarget "H.W Animations" */;
			buildPhases = (
				9D103728274E4F75001DCA80 /* Sources */,
				9D103729274E4F75001DCA80 /* Frameworks */,
				9D10372A274E4F75001DCA80 /* Resources */,
			);
			buildRules = (
			);
			dependencies = (
			);
			name = "H.W Animations";
			productName = "H.W Animations";
			productReference = 9D10372C274E4F75001DCA80 /* H.W Animations.app */;
			productType = "com.apple.product-type.application";
		};
		9D103741274E4F76001DCA80 /* H.W AnimationsTests */ = {
			isa = PBXNativeTarget;
			buildConfigurationList = 9D103759274E4F76001DCA80 /* Build configuration list for PBXNativeTarget "H.W AnimationsTests" */;
			buildPhases = (
				9D10373E274E4F76001DCA80 /* Sources */,
				9D10373F274E4F76001DCA80 /* Frameworks */,
				9D103740274E4F76001DCA80 /* Resources */,
			);
			buildRules = (
			);
			dependencies = (
				9D103744274E4F76001DCA80 /* PBXTargetDependency */,
			);
			name = "H.W AnimationsTests";
			productName = "H.W AnimationsTests";
			productReference = 9D103742274E4F76001DCA80 /* H.W AnimationsTests.xctest */;
			productType = "com.apple.product-type.bundle.unit-test";
		};
		9D10374B274E4F76001DCA80 /* H.W AnimationsUITests */ = {
			isa = PBXNativeTarget;
			buildConfigurationList = 9D10375C274E4F76001DCA80 /* Build configuration list for PBXNativeTarget "H.W AnimationsUITests" */;
			buildPhases = (
				9D103748274E4F76001DCA80 /* Sources */,
				9D103749274E4F76001DCA80 /* Frameworks */,
				9D10374A274E4F76001DCA80 /* Resources */,
			);
			buildRules = (
			);
			dependencies = (
				9D10374E274E4F76001DCA80 /* PBXTargetDependency */,
			);
			name = "H.W AnimationsUITests";
			productName = "H.W AnimationsUITests";
			productReference = 9D10374C274E4F76001DCA80 /* H.W AnimationsUITests.xctest */;
			productType = "com.apple.product-type.bundle.ui-testing";
		};
/* End PBXNativeTarget section */

/* Begin PBXProject section */
		9D103724274E4F75001DCA80 /* Project object */ = {
			isa = PBXProject;
			attributes = {
				BuildIndependentTargetsInParallel = 1;
				LastSwiftUpdateCheck = 1310;
				LastUpgradeCheck = 1310;
				TargetAttributes = {
					9D10372B274E4F75001DCA80 = {
						CreatedOnToolsVersion = 13.1;
					};
					9D103741274E4F76001DCA80 = {
						CreatedOnToolsVersion = 13.1;
						TestTargetID = 9D10372B274E4F75001DCA80;
					};
					9D10374B274E4F76001DCA80 = {
						CreatedOnToolsVersion = 13.1;
						TestTargetID = 9D10372B274E4F75001DCA80;
					};
				};
			};
			buildConfigurationList = 9D103727274E4F75001DCA80 /* Build configuration list for PBXProject "H.W Animations" */;
			compatibilityVersion = "Xcode 13.0";
			developmentRegion = en;
			hasScannedForEncodings = 0;
			knownRegions = (
				en,
				Base,
			);
			mainGroup = 9D103723274E4F75001DCA80;
			productRefGroup = 9D10372D274E4F75001DCA80 /* Products */;
			projectDirPath = "";
			projectRoot = "";
			targets = (
				9D10372B274E4F75001DCA80 /* H.W Animations */,
				9D103741274E4F76001DCA80 /* H.W AnimationsTests */,
				9D10374B274E4F76001DCA80 /* H.W AnimationsUITests */,
			);
		};
/* End PBXProject section */

/* Begin PBXResourcesBuildPhase section */
		9D10372A274E4F75001DCA80 /* Resources */ = {
			isa = PBXResourcesBuildPhase;
			buildActionMask = 2147483647;
			files = (
				9D10373C274E4F76001DCA80 /* LaunchScreen.storyboard in Resources */,
				9D103739274E4F76001DCA80 /* Assets.xcassets in Resources */,
				9D103737274E4F75001DCA80 /* Main.storyboard in Resources */,
			);
			runOnlyForDeploymentPostprocessing = 0;
		};
		9D103740274E4F76001DCA80 /* Resources */ = {
			isa = PBXResourcesBuildPhase;
			buildActionMask = 2147483647;
			files = (
			);
			runOnlyForDeploymentPostprocessing = 0;
		};
		9D10374A274E4F76001DCA80 /* Resources */ = {
			isa = PBXResourcesBuildPhase;
			buildActionMask = 2147483647;
			files = (
			);
			runOnlyForDeploymentPostprocessing = 0;
		};
/* End PBXResourcesBuildPhase section */

/* Begin PBXSourcesBuildPhase section */
		9D103728274E4F75001DCA80 /* Sources */ = {
			isa = PBXSourcesBuildPhase;
			buildActionMask = 2147483647;
			files = (
				9D103734274E4F75001DCA80 /* ViewController.swift in Sources */,
				9D103730274E4F75001DCA80 /* AppDelegate.swift in Sources */,
				9D103732274E4F75001DCA80 /* SceneDelegate.swift in Sources */,
			);
			runOnlyForDeploymentPostprocessing = 0;
		};
		9D10373E274E4F76001DCA80 /* Sources */ = {
			isa = PBXSourcesBuildPhase;
			buildActionMask = 2147483647;
			files = (
				9D103747274E4F76001DCA80 /* H_W_AnimationsTests.swift in Sources */,
			);
			runOnlyForDeploymentPostprocessing = 0;
		};
		9D103748274E4F76001DCA80 /* Sources */ = {
			isa = PBXSourcesBuildPhase;
			buildActionMask = 2147483647;
			files = (
				9D103753274E4F76001DCA80 /* H_W_AnimationsUITestsLaunchTests.swift in Sources */,
				9D103751274E4F76001DCA80 /* H_W_AnimationsUITests.swift in Sources */,
			);
			runOnlyForDeploymentPostprocessing = 0;
		};
/* End PBXSourcesBuildPhase section */

/* Begin PBXTargetDependency section */
		9D103744274E4F76001DCA80 /* PBXTargetDependency */ = {
			isa = PBXTargetDependency;
			target = 9D10372B274E4F75001DCA80 /* H.W Animations */;
			targetProxy = 9D103743274E4F76001DCA80 /* PBXContainerItemProxy */;
		};
		9D10374E274E4F76001DCA80 /* PBXTargetDependency */ = {
			isa = PBXTargetDependency;
			target = 9D10372B274E4F75001DCA80 /* H.W Animations */;
			targetProxy = 9D10374D274E4F76001DCA80 /* PBXContainerItemProxy */;
		};
/* End PBXTargetDependency section */

/* Begin PBXVariantGroup section */
		9D103735274E4F75001DCA80 /* Main.storyboard */ = {
			isa = PBXVariantGroup;
			children = (
				9D103736274E4F75001DCA80 /* Base */,
			);
			name = Main.storyboard;
			sourceTree = "<group>";
		};
		9D10373A274E4F76001DCA80 /* LaunchScreen.storyboard */ = {
			isa = PBXVariantGroup;
			children = (
				9D10373B274E4F76001DCA80 /* Base */,
			);
			name = LaunchScreen.storyboard;
			sourceTree = "<group>";
		};
/* End PBXVariantGroup section */

/* Begin XCBuildConfiguration section */
		9D103754274E4F76001DCA80 /* Debug */ = {
			isa = XCBuildConfiguration;
			buildSettings = {
				ALWAYS_SEARCH_USER_PATHS = NO;
				CLANG_ANALYZER_NONNULL = YES;
				CLANG_ANALYZER_NUMBER_OBJECT_CONVERSION = YES_AGGRESSIVE;
				CLANG_CXX_LANGUAGE_STANDARD = "gnu++17";
				CLANG_CXX_LIBRARY = "libc++";
				CLANG_ENABLE_MODULES = YES;
				CLANG_ENABLE_OBJC_ARC = YES;
				CLANG_ENABLE_OBJC_WEAK = YES;
				CLANG_WARN_BLOCK_CAPTURE_AUTORELEASING = YES;
				CLANG_WARN_BOOL_CONVERSION = YES;
				CLANG_WARN_COMMA = YES;
				CLANG_WARN_CONSTANT_CONVERSION = YES;
				CLANG_WARN_DEPRECATED_OBJC_IMPLEMENTATIONS = YES;
				CLANG_WARN_DIRECT_OBJC_ISA_USAGE = YES_ERROR;
				CLANG_WARN_DOCUMENTATION_COMMENTS = YES;
				CLANG_WARN_EMPTY_BODY = YES;
				CLANG_WARN_ENUM_CONVERSION = YES;
				CLANG_WARN_INFINITE_RECURSION = YES;
				CLANG_WARN_INT_CONVERSION = YES;
				CLANG_WARN_NON_LITERAL_NULL_CONVERSION = YES;
				CLANG_WARN_OBJC_IMPLICIT_RETAIN_SELF = YES;
				CLANG_WARN_OBJC_LITERAL_CONVERSION = YES;
				CLANG_WARN_OBJC_ROOT_CLASS = YES_ERROR;
				CLANG_WARN_QUOTED_INCLUDE_IN_FRAMEWORK_HEADER = YES;
				CLANG_WARN_RANGE_LOOP_ANALYSIS = YES;
				CLANG_WARN_STRICT_PROTOTYPES = YES;
				CLANG_WARN_SUSPICIOUS_MOVE = YES;
				CLANG_WARN_UNGUARDED_AVAILABILITY = YES_AGGRESSIVE;
				CLANG_WARN_UNREACHABLE_CODE = YES;
				CLANG_WARN__DUPLICATE_METHOD_MATCH = YES;
				COPY_PHASE_STRIP = NO;
				DEBUG_INFORMATION_FORMAT = dwarf;
				ENABLE_STRICT_OBJC_MSGSEND = YES;
				ENABLE_TESTABILITY = YES;
				GCC_C_LANGUAGE_STANDARD = gnu11;
				GCC_DYNAMIC_NO_PIC = NO;
				GCC_NO_COMMON_BLOCKS = YES;
				GCC_OPTIMIZATION_LEVEL = 0;
				GCC_PREPROCESSOR_DEFINITIONS = (
					"DEBUG=1",
					"$(inherited)",
				);
				GCC_WARN_64_TO_32_BIT_CONVERSION = YES;
				GCC_WARN_ABOUT_RETURN_TYPE = YES_ERROR;
				GCC_WARN_UNDECLARED_SELECTOR = YES;
				GCC_WARN_UNINITIALIZED_AUTOS = YES_AGGRESSIVE;
				GCC_WARN_UNUSED_FUNCTION = YES;
				GCC_WARN_UNUSED_VARIABLE = YES;
				IPHONEOS_DEPLOYMENT_TARGET = 15.0;
				MTL_ENABLE_DEBUG_INFO = INCLUDE_SOURCE;
				MTL_FAST_MATH = YES;
				ONLY_ACTIVE_ARCH = YES;
				SDKROOT = iphoneos;
				SWIFT_ACTIVE_COMPILATION_CONDITIONS = DEBUG;
				SWIFT_OPTIMIZATION_LEVEL = "-Onone";
			};
			name = Debug;
		};
		9D103755274E4F76001DCA80 /* Release */ = {
			isa = XCBuildConfiguration;
			buildSettings = {
				ALWAYS_SEARCH_USER_PATHS = NO;
				CLANG_ANALYZER_NONNULL = YES;
				CLANG_ANALYZER_NUMBER_OBJECT_CONVERSION = YES_AGGRESSIVE;
				CLANG_CXX_LANGUAGE_STANDARD = "gnu++17";
				CLANG_CXX_LIBRARY = "libc++";
				CLANG_ENABLE_MODULES = YES;
				CLANG_ENABLE_OBJC_ARC = YES;
				CLANG_ENABLE_OBJC_WEAK = YES;
				CLANG_WARN_BLOCK_CAPTURE_AUTORELEASING = YES;
				CLANG_WARN_BOOL_CONVERSION = YES;
				CLANG_WARN_COMMA = YES;
				CLANG_WARN_CONSTANT_CONVERSION = YES;
				CLANG_WARN_DEPRECATED_OBJC_IMPLEMENTATIONS = YES;
				CLANG_WARN_DIRECT_OBJC_ISA_USAGE = YES_ERROR;
				CLANG_WARN_DOCUMENTATION_COMMENTS = YES;
				CLANG_WARN_EMPTY_BODY = YES;
				CLANG_WARN_ENUM_CONVERSION = YES;
				CLANG_WARN_INFINITE_RECURSION = YES;
				CLANG_WARN_INT_CONVERSION = YES;
				CLANG_WARN_NON_LITERAL_NULL_CONVERSION = YES;
				CLANG_WARN_OBJC_IMPLICIT_RETAIN_SELF = YES;
				CLANG_WARN_OBJC_LITERAL_CONVERSION = YES;
				CLANG_WARN_OBJC_ROOT_CLASS = YES_ERROR;
				CLANG_WARN_QUOTED_INCLUDE_IN_FRAMEWORK_HEADER = YES;
				CLANG_WARN_RANGE_LOOP_ANALYSIS = YES;
				CLANG_WARN_STRICT_PROTOTYPES = YES;
				CLANG_WARN_SUSPICIOUS_MOVE = YES;
				CLANG_WARN_UNGUARDED_AVAILABILITY = YES_AGGRESSIVE;
				CLANG_WARN_UNREACHABLE_CODE = YES;
				CLANG_WARN__DUPLICATE_METHOD_MATCH = YES;
				COPY_PHASE_STRIP = NO;
				DEBUG_INFORMATION_FORMAT = "dwarf-with-dsym";
				ENABLE_NS_ASSERTIONS = NO;
				ENABLE_STRICT_OBJC_MSGSEND = YES;
				GCC_C_LANGUAGE_STANDARD = gnu11;
				GCC_NO_COMMON_BLOCKS = YES;
				GCC_WARN_64_TO_32_BIT_CONVERSION = YES;
				GCC_WARN_ABOUT_RETURN_TYPE = YES_ERROR;
				GCC_WARN_UNDECLARED_SELECTOR = YES;
				GCC_WARN_UNINITIALIZED_AUTOS = YES_AGGRESSIVE;
				GCC_WARN_UNUSED_FUNCTION = YES;
				GCC_WARN_UNUSED_VARIABLE = YES;
				IPHONEOS_DEPLOYMENT_TARGET = 15.0;
				MTL_ENABLE_DEBUG_INFO = NO;
				MTL_FAST_MATH = YES;
				SDKROOT = iphoneos;
				SWIFT_COMPILATION_MODE = wholemodule;
				SWIFT_OPTIMIZATION_LEVEL = "-O";
				VALIDATE_PRODUCT = YES;
			};
			name = Release;
		};
		9D103757274E4F76001DCA80 /* Debug */ = {
			isa = XCBuildConfiguration;
			buildSettings = {
				ASSETCATALOG_COMPILER_APPICON_NAME = AppIcon;
				ASSETCATALOG_COMPILER_GLOBAL_ACCENT_COLOR_NAME = AccentColor;
				CODE_SIGN_STYLE = Automatic;
				CURRENT_PROJECT_VERSION = 1;
				GENERATE_INFOPLIST_FILE = YES;
				INFOPLIST_FILE = "H.W Animations/Info.plist";
				INFOPLIST_KEY_UIApplicationSupportsIndirectInputEvents = YES;
				INFOPLIST_KEY_UILaunchStoryboardName = LaunchScreen;
				INFOPLIST_KEY_UIMainStoryboardFile = Main;
				INFOPLIST_KEY_UISupportedInterfaceOrientations_iPad = "UIInterfaceOrientationPortrait UIInterfaceOrientationPortraitUpsideDown UIInterfaceOrientationLandscapeLeft UIInterfaceOrientationLandscapeRight";
				INFOPLIST_KEY_UISupportedInterfaceOrientations_iPhone = "UIInterfaceOrientationPortrait UIInterfaceOrientationLandscapeLeft UIInterfaceOrientationLandscapeRight";
				LD_RUNPATH_SEARCH_PATHS = (
					"$(inherited)",
					"@executable_path/Frameworks",
				);
				MARKETING_VERSION = 1.0;
				PRODUCT_BUNDLE_IDENTIFIER = "com.googel.H-W-Animations";
				PRODUCT_NAME = "$(TARGET_NAME)";
				SWIFT_EMIT_LOC_STRINGS = YES;
				SWIFT_VERSION = 5.0;
				TARGETED_DEVICE_FAMILY = "1,2";
			};
			name = Debug;
		};
		9D103758274E4F76001DCA80 /* Release */ = {
			isa = XCBuildConfiguration;
			buildSettings = {
				ASSETCATALOG_COMPILER_APPICON_NAME = AppIcon;
				ASSETCATALOG_COMPILER_GLOBAL_ACCENT_COLOR_NAME = AccentColor;
				CODE_SIGN_STYLE = Automatic;
				CURRENT_PROJECT_VERSION = 1;
				GENERATE_INFOPLIST_FILE = YES;
				INFOPLIST_FILE = "H.W Animations/Info.plist";
				INFOPLIST_KEY_UIApplicationSupportsIndirectInputEvents = YES;
				INFOPLIST_KEY_UILaunchStoryboardName = LaunchScreen;
				INFOPLIST_KEY_UIMainStoryboardFile = Main;
				INFOPLIST_KEY_UISupportedInterfaceOrientations_iPad = "UIInterfaceOrientationPortrait UIInterfaceOrientationPortraitUpsideDown UIInterfaceOrientationLandscapeLeft UIInterfaceOrientationLandscapeRight";
				INFOPLIST_KEY_UISupportedInterfaceOrientations_iPhone = "UIInterfaceOrientationPortrait UIInterfaceOrientationLandscapeLeft UIInterfaceOrientationLandscapeRight";
				LD_RUNPATH_SEARCH_PATHS = (
					"$(inherited)",
					"@executable_path/Frameworks",
				);
				MARKETING_VERSION = 1.0;
				PRODUCT_BUNDLE_IDENTIFIER = "com.googel.H-W-Animations";
				PRODUCT_NAME = "$(TARGET_NAME)";
				SWIFT_EMIT_LOC_STRINGS = YES;
				SWIFT_VERSION = 5.0;
				TARGETED_DEVICE_FAMILY = "1,2";
			};
			name = Release;
		};
		9D10375A274E4F76001DCA80 /* Debug */ = {
			isa = XCBuildConfiguration;
			buildSettings = {
				ALWAYS_EMBED_SWIFT_STANDARD_LIBRARIES = YES;
				BUNDLE_LOADER = "$(TEST_HOST)";
				CODE_SIGN_STYLE = Automatic;
				CURRENT_PROJECT_VERSION = 1;
				GENERATE_INFOPLIST_FILE = YES;
				IPHONEOS_DEPLOYMENT_TARGET = 15.0;
				LD_RUNPATH_SEARCH_PATHS = (
					"$(inherited)",
					"@executable_path/Frameworks",
					"@loader_path/Frameworks",
				);
				MARKETING_VERSION = 1.0;
				PRODUCT_BUNDLE_IDENTIFIER = "com.googel.H-W-AnimationsTests";
				PRODUCT_NAME = "$(TARGET_NAME)";
				SWIFT_EMIT_LOC_STRINGS = NO;
				SWIFT_VERSION = 5.0;
				TARGETED_DEVICE_FAMILY = "1,2";
				TEST_HOST = "$(BUILT_PRODUCTS_DIR)/H.W Animations.app/H.W Animations";
			};
			name = Debug;
		};
		9D10375B274E4F76001DCA80 /* Release */ = {
			isa = XCBuildConfiguration;
			buildSettings = {
				ALWAYS_EMBED_SWIFT_STANDARD_LIBRARIES = YES;
				BUNDLE_LOADER = "$(TEST_HOST)";
				CODE_SIGN_STYLE = Automatic;
				CURRENT_PROJECT_VERSION = 1;
				GENERATE_INFOPLIST_FILE = YES;
				IPHONEOS_DEPLOYMENT_TARGET = 15.0;
				LD_RUNPATH_SEARCH_PATHS = (
					"$(inherited)",
					"@executable_path/Frameworks",
					"@loader_path/Frameworks",
				);
				MARKETING_VERSION = 1.0;
				PRODUCT_BUNDLE_IDENTIFIER = "com.googel.H-W-AnimationsTests";
				PRODUCT_NAME = "$(TARGET_NAME)";
				SWIFT_EMIT_LOC_STRINGS = NO;
				SWIFT_VERSION = 5.0;
				TARGETED_DEVICE_FAMILY = "1,2";
				TEST_HOST = "$(BUILT_PRODUCTS_DIR)/H.W Animations.app/H.W Animations";
			};
			name = Release;
		};
		9D10375D274E4F76001DCA80 /* Debug */ = {
			isa = XCBuildConfiguration;
			buildSettings = {
				ALWAYS_EMBED_SWIFT_STANDARD_LIBRARIES = YES;
				CODE_SIGN_STYLE = Automatic;
				CURRENT_PROJECT_VERSION = 1;
				GENERATE_INFOPLIST_FILE = YES;
				LD_RUNPATH_SEARCH_PATHS = (
					"$(inherited)",
					"@executable_path/Frameworks",
					"@loader_path/Frameworks",
				);
				MARKETING_VERSION = 1.0;
				PRODUCT_BUNDLE_IDENTIFIER = "com.googel.H-W-AnimationsUITests";
				PRODUCT_NAME = "$(TARGET_NAME)";
				SWIFT_EMIT_LOC_STRINGS = NO;
				SWIFT_VERSION = 5.0;
				TARGETED_DEVICE_FAMILY = "1,2";
				TEST_TARGET_NAME = "H.W Animations";
			};
			name = Debug;
		};
		9D10375E274E4F76001DCA80 /* Release */ = {
			isa = XCBuildConfiguration;
			buildSettings = {
				ALWAYS_EMBED_SWIFT_STANDARD_LIBRARIES = YES;
				CODE_SIGN_STYLE = Automatic;
				CURRENT_PROJECT_VERSION = 1;
				GENERATE_INFOPLIST_FILE = YES;
				LD_RUNPATH_SEARCH_PATHS = (
					"$(inherited)",
					"@executable_path/Frameworks",
					"@loader_path/Frameworks",
				);
				MARKETING_VERSION = 1.0;
				PRODUCT_BUNDLE_IDENTIFIER = "com.googel.H-W-AnimationsUITests";
				PRODUCT_NAME = "$(TARGET_NAME)";
				SWIFT_EMIT_LOC_STRINGS = NO;
				SWIFT_VERSION = 5.0;
				TARGETED_DEVICE_FAMILY = "1,2";
				TEST_TARGET_NAME = "H.W Animations";
			};
			name = Release;
		};
/* End XCBuildConfiguration section */

/* Begin XCConfigurationList section */
		9D103727274E4F75001DCA80 /* Build configuration list for PBXProject "H.W Animations" */ = {
			isa = XCConfigurationList;
			buildConfigurations = (
				9D103754274E4F76001DCA80 /* Debug */,
				9D103755274E4F76001DCA80 /* Release */,
			);
			defaultConfigurationIsVisible = 0;
			defaultConfigurationName = Release;
		};
		9D103756274E4F76001DCA80 /* Build configuration list for PBXNativeTarget "H.W Animations" */ = {
			isa = XCConfigurationList;
			buildConfigurations = (
				9D103757274E4F76001DCA80 /* Debug */,
				9D103758274E4F76001DCA80 /* Release */,
			);
			defaultConfigurationIsVisible = 0;
			defaultConfigurationName = Release;
		};
		9D103759274E4F76001DCA80 /* Build configuration list for PBXNativeTarget "H.W AnimationsTests" */ = {
			isa = XCConfigurationList;
			buildConfigurations = (
				9D10375A274E4F76001DCA80 /* Debug */,
				9D10375B274E4F76001DCA80 /* Release */,
			);
			defaultConfigurationIsVisible = 0;
			defaultConfigurationName = Release;
		};
		9D10375C274E4F76001DCA80 /* Build configuration list for PBXNativeTarget "H.W AnimationsUITests" */ = {
			isa = XCConfigurationList;
			buildConfigurations = (
				9D10375D274E4F76001DCA80 /* Debug */,
				9D10375E274E4F76001DCA80 /* Release */,
			);
			defaultConfigurationIsVisible = 0;
			defaultConfigurationName = Release;
		};
/* End XCConfigurationList section */
	};
	rootObject = 9D103724274E4F75001DCA80 /* Project object */;
}
